// !$*UTF8*$!
{
	archiveVersion = 1;
	classes = {
	};
	objectVersion = 77;
	objects = {

/* Begin PBXContainerItemProxy section */
		283832602F5FC295004AFE77 /* PBXContainerItemProxy */ = {
			isa = PBXContainerItemProxy;
			containerPortal = 283832472F5FC28F004AFE77 /* Project object */;
			proxyType = 1;
			remoteGlobalIDString = 2838324E2F5FC28F004AFE77;
			remoteInfo = Yggdrasil;
		};
		2838326A2F5FC295004AFE77 /* PBXContainerItemProxy */ = {
			isa = PBXContainerItemProxy;
			containerPortal = 283832472F5FC28F004AFE77 /* Project object */;
			proxyType = 1;
			remoteGlobalIDString = 2838324E2F5FC28F004AFE77;
			remoteInfo = Yggdrasil;
		};
/* End PBXContainerItemProxy section */

/* Begin PBXFileReference section */
		2838324F2F5FC28F004AFE77 /* Yggdrasil.app */ = {isa = PBXFileReference; explicitFileType = wrapper.application; includeInIndex = 0; path = Yggdrasil.app; sourceTree = BUILT_PRODUCTS_DIR; };
		2838325F2F5FC295004AFE77 /* YggdrasilTests.xctest */ = {isa = PBXFileReference; explicitFileType = wrapper.cfbundle; includeInIndex = 0; path = YggdrasilTests.xctest; sourceTree = BUILT_PRODUCTS_DIR; };
		283832692F5FC295004AFE77 /* YggdrasilUITests.xctest */ = {isa = PBXFileReference; explicitFileType = wrapper.cfbundle; includeInIndex = 0; path = YggdrasilUITests.xctest; sourceTree = BUILT_PRODUCTS_DIR; };
/* End PBXFileReference section */

/* Begin PBXFileSystemSynchronizedRootGroup section */
		283832512F5FC28F004AFE77 /* Yggdrasil */ = {
			isa = PBXFileSystemSynchronizedRootGroup;
			path = Yggdrasil;
			sourceTree = "<group>";
		};
		283832622F5FC295004AFE77 /* YggdrasilTests */ = {
			isa = PBXFileSystemSynchronizedRootGroup;
			path = YggdrasilTests;
			sourceTree = "<group>";
		};
		2838326C2F5FC295004AFE77 /* YggdrasilUITests */ = {
			isa = PBXFileSystemSynchronizedRootGroup;
			path = YggdrasilUITests;
			sourceTree = "<group>";
		};
/* End PBXFileSystemSynchronizedRootGroup section */

/* Begin PBXFrameworksBuildPhase section */
		2838324C2F5FC28F004AFE77 /* Frameworks */ = {
			isa = PBXFrameworksBuildPhase;
			buildActionMask = 2147483647;
			files = (
			);
			runOnlyForDeploymentPostprocessing = 0;
		};
		2838325C2F5FC295004AFE77 /* Frameworks */ = {
			isa = PBXFrameworksBuildPhase;
			buildActionMask = 2147483647;
			files = (
			);
			runOnlyForDeploymentPostprocessing = 0;
		};
		283832662F5FC295004AFE77 /* Frameworks */ = {
			isa = PBXFrameworksBuildPhase;
			buildActionMask = 2147483647;
			files = (
			);
			runOnlyForDeploymentPostprocessing = 0;
		};
/* End PBXFrameworksBuildPhase section */

/* Begin PBXGroup section */
		283832462F5FC28F004AFE77 = {
			isa = PBXGroup;
			children = (
				283832512F5FC28F004AFE77 /* Yggdrasil */,
				283832622F5FC295004AFE77 /* YggdrasilTests */,
				2838326C2F5FC295004AFE77 /* YggdrasilUITests */,
				283832502F5FC28F004AFE77 /* Products */,
			);
			sourceTree = "<group>";
		};
		283832502F5FC28F004AFE77 /* Products */ = {
			isa = PBXGroup;
			children = (
				2838324F2F5FC28F004AFE77 /* Yggdrasil.app */,
				2838325F2F5FC295004AFE77 /* YggdrasilTests.xctest */,
				283832692F5FC295004AFE77 /* YggdrasilUITests.xctest */,
			);
			name = Products;
			sourceTree = "<group>";
		};
/* End PBXGroup section */

/* Begin PBXNativeTarget section */
		2838324E2F5FC28F004AFE77 /* Yggdrasil */ = {
			isa = PBXNativeTarget;
			buildConfigurationList = 283832732F5FC295004AFE77 /* Build configuration list for PBXNativeTarget "Yggdrasil" */;
			buildPhases = (
				2838324B2F5FC28F004AFE77 /* Sources */,
				2838324C2F5FC28F004AFE77 /* Frameworks */,
				2838324D2F5FC28F004AFE77 /* Resources */,
			);
			buildRules = (
			);
			dependencies = (
			);
			fileSystemSynchronizedGroups = (
				283832512F5FC28F004AFE77 /* Yggdrasil */,
			);
			name = Yggdrasil;
			packageProductDependencies = (
			);
			productName = Yggdrasil;
			productReference = 2838324F2F5FC28F004AFE77 /* Yggdrasil.app */;
			productType = "com.apple.product-type.application";
		};
		2838325E2F5FC295004AFE77 /* YggdrasilTests */ = {
			isa = PBXNativeTarget;
			buildConfigurationList = 283832762F5FC295004AFE77 /* Build configuration list for PBXNativeTarget "YggdrasilTests" */;
			buildPhases = (
				2838325B2F5FC295004AFE77 /* Sources */,
				2838325C2F5FC295004AFE77 /* Frameworks */,
				2838325D2F5FC295004AFE77 /* Resources */,
			);
			buildRules = (
			);
			dependencies = (
				283832612F5FC295004AFE77 /* PBXTargetDependency */,
			);
			fileSystemSynchronizedGroups = (
				283832622F5FC295004AFE77 /* YggdrasilTests */,
			);
			name = YggdrasilTests;
			packageProductDependencies = (
			);
			productName = YggdrasilTests;
			productReference = 2838325F2F5FC295004AFE77 /* YggdrasilTests.xctest */;
			productType = "com.apple.product-type.bundle.unit-test";
		};
		283832682F5FC295004AFE77 /* YggdrasilUITests */ = {
			isa = PBXNativeTarget;
			buildConfigurationList = 283832792F5FC295004AFE77 /* Build configuration list for PBXNativeTarget "YggdrasilUITests" */;
			buildPhases = (
				283832652F5FC295004AFE77 /* Sources */,
				283832662F5FC295004AFE77 /* Frameworks */,
				283832672F5FC295004AFE77 /* Resources */,
			);
			buildRules = (
			);
			dependencies = (
				2838326B2F5FC295004AFE77 /* PBXTargetDependency */,
			);
			fileSystemSynchronizedGroups = (
				2838326C2F5FC295004AFE77 /* YggdrasilUITests */,
			);
			name = YggdrasilUITests;
			packageProductDependencies = (
			);
			productName = YggdrasilUITests;
			productReference = 283832692F5FC295004AFE77 /* YggdrasilUITests.xctest */;
			productType = "com.apple.product-type.bundle.ui-testing";
		};
/* End PBXNativeTarget section */

/* Begin PBXProject section */
		283832472F5FC28F004AFE77 /* Project object */ = {
			isa = PBXProject;
			attributes = {
				BuildIndependentTargetsInParallel = 1;
				LastSwiftUpdateCheck = 1600;
				LastUpgradeCheck = 1600;
				TargetAttributes = {
					2838324E2F5FC28F004AFE77 = {
						CreatedOnToolsVersion = 16.0;
					};
					2838325E2F5FC295004AFE77 = {
						CreatedOnToolsVersion = 16.0;
						TestTargetID = 2838324E2F5FC28F004AFE77;
					};
					283832682F5FC295004AFE77 = {
						CreatedOnToolsVersion = 16.0;
						TestTargetID = 2838324E2F5FC28F004AFE77;
					};
				};
			};
			buildConfigurationList = 2838324A2F5FC28F004AFE77 /* Build configuration list for PBXProject "Yggdrasil" */;
			developmentRegion = en;
			hasScannedForEncodings = 0;
			knownRegions = (
				en,
				Base,
			);
			mainGroup = 283832462F5FC28F004AFE77;
			minimizedProjectReferenceProxies = 1;
			preferredProjectObjectVersion = 77;
			productRefGroup = 283832502F5FC28F004AFE77 /* Products */;
			projectDirPath = "";
			projectRoot = "";
			targets = (
				2838324E2F5FC28F004AFE77 /* Yggdrasil */,
				2838325E2F5FC295004AFE77 /* YggdrasilTests */,
				283832682F5FC295004AFE77 /* YggdrasilUITests */,
			);
		};
/* End PBXProject section */

/* Begin PBXResourcesBuildPhase section */
		2838324D2F5FC28F004AFE77 /* Resources */ = {
			isa = PBXResourcesBuildPhase;
			buildActionMask = 2147483647;
			files = (
			);
			runOnlyForDeploymentPostprocessing = 0;
		};
		2838325D2F5FC295004AFE77 /* Resources */ = {
			isa = PBXResourcesBuildPhase;
			buildActionMask = 2147483647;
			files = (
			);
			runOnlyForDeploymentPostprocessing = 0;
		};
		283832672F5FC295004AFE77 /* Resources */ = {
			isa = PBXResourcesBuildPhase;
			buildActionMask = 2147483647;
			files = (
			);
			runOnlyForDeploymentPostprocessing = 0;
		};
/* End PBXResourcesBuildPhase section */

/* Begin PBXSourcesBuildPhase section */
		2838324B2F5FC28F004AFE77 /* Sources */ = {
			isa = PBXSourcesBuildPhase;
			buildActionMask = 2147483647;
			files = (
			);
			runOnlyForDeploymentPostprocessing = 0;
		};
		2838325B2F5FC295004AFE77 /* Sources */ = {
			isa = PBXSourcesBuildPhase;
			buildActionMask = 2147483647;
			files = (
			);
			runOnlyForDeploymentPostprocessing = 0;
		};
		283832652F5FC295004AFE77 /* Sources */ = {
			isa = PBXSourcesBuildPhase;
			buildActionMask = 2147483647;
			files = (
			);
			runOnlyForDeploymentPostprocessing = 0;
		};
/* End PBXSourcesBuildPhase section */

/* Begin PBXTargetDependency section */
		283832612F5FC295004AFE77 /* PBXTargetDependency */ = {
			isa = PBXTargetDependency;
			target = 2838324E2F5FC28F004AFE77 /* Yggdrasil */;
			targetProxy = 283832602F5FC295004AFE77 /* PBXContainerItemProxy */;
		};
		2838326B2F5FC295004AFE77 /* PBXTargetDependency */ = {
			isa = PBXTargetDependency;
			target = 2838324E2F5FC28F004AFE77 /* Yggdrasil */;
			targetProxy = 2838326A2F5FC295004AFE77 /* PBXContainerItemProxy */;
		};
/* End PBXTargetDependency section */

/* Begin XCBuildConfiguration section */
		283832712F5FC295004AFE77 /* Debug */ = {
			isa = XCBuildConfiguration;
			buildSettings = {
				ALWAYS_SEARCH_USER_PATHS = NO;
				ASSETCATALOG_COMPILER_GENERATE_SWIFT_ASSET_SYMBOL_EXTENSIONS = YES;
				CLANG_ANALYZER_NONNULL = YES;
				CLANG_ANALYZER_NUMBER_OBJECT_CONVERSION = YES_AGGRESSIVE;
				CLANG_CXX_LANGUAGE_STANDARD = "gnu++20";
				CLANG_ENABLE_MODULES = YES;
				CLANG_ENABLE_OBJC_ARC = YES;
				CLANG_ENABLE_OBJC_WEAK = YES;
				CLANG_WARN_BLOCK_CAPTURE_AUTORELEASING = YES;
				CLANG_WARN_BOOL_CONVERSION = YES;
				CLANG_WARN_COMMA = YES;
				CLANG_WARN_CONSTANT_CONVERSION = YES;
				CLANG_WARN_DEPRECATED_OBJC_IMPLEMENTATIONS = YES;
				CLANG_WARN_DIRECT_OBJC_ISA_USAGE = YES_ERROR;
				CLANG_WARN_DOCUMENTATION_COMMENTS = YES;
				CLANG_WARN_EMPTY_BODY = YES;
				CLANG_WARN_ENUM_CONVERSION = YES;
				CLANG_WARN_INFINITE_RECURSION = YES;
				CLANG_WARN_INT_CONVERSION = YES;
				CLANG_WARN_NON_LITERAL_NULL_CONVERSION = YES;
				CLANG_WARN_OBJC_IMPLICIT_RETAIN_SELF = YES;
				CLANG_WARN_OBJC_LITERAL_CONVERSION = YES;
				CLANG_WARN_OBJC_ROOT_CLASS = YES_ERROR;
				CLANG_WARN_QUOTED_INCLUDE_IN_FRAMEWORK_HEADER = YES;
				CLANG_WARN_RANGE_LOOP_ANALYSIS = YES;
				CLANG_WARN_STRICT_PROTOTYPES = YES;
				CLANG_WARN_SUSPICIOUS_MOVE = YES;
				CLANG_WARN_UNGUARDED_AVAILABILITY = YES_AGGRESSIVE;
				CLANG_WARN_UNREACHABLE_CODE = YES;
				CLANG_WARN__DUPLICATE_METHOD_MATCH = YES;
				COPY_PHASE_STRIP = NO;
				DEBUG_INFORMATION_FORMAT = dwarf;
				ENABLE_STRICT_OBJC_MSGSEND = YES;
				ENABLE_TESTABILITY = YES;
				ENABLE_USER_SCRIPT_SANDBOXING = YES;
				GCC_C_LANGUAGE_STANDARD = gnu17;
				GCC_DYNAMIC_NO_PIC = NO;
				GCC_NO_COMMON_BLOCKS = YES;
				GCC_OPTIMIZATION_LEVEL = 0;
				GCC_PREPROCESSOR_DEFINITIONS = (
					"DEBUG=1",
					"$(inherited)",
				);
				GCC_WARN_64_TO_32_BIT_CONVERSION = YES;
				GCC_WARN_ABOUT_RETURN_TYPE = YES_ERROR;
				GCC_WARN_UNDECLARED_SELECTOR = YES;
				GCC_WARN_UNINITIALIZED_AUTOS = YES_AGGRESSIVE;
				GCC_WARN_UNUSED_FUNCTION = YES;
				GCC_WARN_UNUSED_VARIABLE = YES;
				IPHONEOS_DEPLOYMENT_TARGET = 18.0;
				LOCALIZATION_PREFERS_STRING_CATALOGS = YES;
				MTL_ENABLE_DEBUG_INFO = INCLUDE_SOURCE;
				MTL_FAST_MATH = YES;
				ONLY_ACTIVE_ARCH = YES;
				SDKROOT = iphoneos;
				SWIFT_ACTIVE_COMPILATION_CONDITIONS = "DEBUG $(inherited)";
				SWIFT_OPTIMIZATION_LEVEL = "-Onone";
			};
			name = Debug;
		};
		283832722F5FC295004AFE77 /* Release */ = {
			isa = XCBuildConfiguration;
			buildSettings = {
				ALWAYS_SEARCH_USER_PATHS = NO;
				ASSETCATALOG_COMPILER_GENERATE_SWIFT_ASSET_SYMBOL_EXTENSIONS = YES;
				CLANG_ANALYZER_NONNULL = YES;
				CLANG_ANALYZER_NUMBER_OBJECT_CONVERSION = YES_AGGRESSIVE;
				CLANG_CXX_LANGUAGE_STANDARD = "gnu++20";
				CLANG_ENABLE_MODULES = YES;
				CLANG_ENABLE_OBJC_ARC = YES;
				CLANG_ENABLE_OBJC_WEAK = YES;
				CLANG_WARN_BLOCK_CAPTURE_AUTORELEASING = YES;
				CLANG_WARN_BOOL_CONVERSION = YES;
				CLANG_WARN_COMMA = YES;
				CLANG_WARN_CONSTANT_CONVERSION = YES;
				CLANG_WARN_DEPRECATED_OBJC_IMPLEMENTATIONS = YES;
				CLANG_WARN_DIRECT_OBJC_ISA_USAGE = YES_ERROR;
				CLANG_WARN_DOCUMENTATION_COMMENTS = YES;
				CLANG_WARN_EMPTY_BODY = YES;
				CLANG_WARN_ENUM_CONVERSION = YES;
				CLANG_WARN_INFINITE_RECURSION = YES;
				CLANG_WARN_INT_CONVERSION = YES;
				CLANG_WARN_NON_LITERAL_NULL_CONVERSION = YES;
				CLANG_WARN_OBJC_IMPLICIT_RETAIN_SELF = YES;
				CLANG_WARN_OBJC_LITERAL_CONVERSION = YES;
				CLANG_WARN_OBJC_ROOT_CLASS = YES_ERROR;
				CLANG_WARN_QUOTED_INCLUDE_IN_FRAMEWORK_HEADER = YES;
				CLANG_WARN_RANGE_LOOP_ANALYSIS = YES;
				CLANG_WARN_STRICT_PROTOTYPES = YES;
				CLANG_WARN_SUSPICIOUS_MOVE = YES;
				CLANG_WARN_UNGUARDED_AVAILABILITY = YES_AGGRESSIVE;
				CLANG_WARN_UNREACHABLE_CODE = YES;
				CLANG_WARN__DUPLICATE_METHOD_MATCH = YES;
				COPY_PHASE_STRIP = NO;
				DEBUG_INFORMATION_FORMAT = "dwarf-with-dsym";
				ENABLE_NS_ASSERTIONS = NO;
				ENABLE_STRICT_OBJC_MSGSEND = YES;
				ENABLE_USER_SCRIPT_SANDBOXING = YES;
				GCC_C_LANGUAGE_STANDARD = gnu17;
				GCC_NO_COMMON_BLOCKS = YES;
				GCC_WARN_64_TO_32_BIT_CONVERSION = YES;
				GCC_WARN_ABOUT_RETURN_TYPE = YES_ERROR;
				GCC_WARN_UNDECLARED_SELECTOR = YES;
				GCC_WARN_UNINITIALIZED_AUTOS = YES_AGGRESSIVE;
				GCC_WARN_UNUSED_FUNCTION = YES;
				GCC_WARN_UNUSED_VARIABLE = YES;
				IPHONEOS_DEPLOYMENT_TARGET = 18.0;
				LOCALIZATION_PREFERS_STRING_CATALOGS = YES;
				MTL_ENABLE_DEBUG_INFO = NO;
				MTL_FAST_MATH = YES;
				SDKROOT = iphoneos;
				SWIFT_COMPILATION_MODE = wholemodule;
				VALIDATE_PRODUCT = YES;
			};
			name = Release;
		};
		283832742F5FC295004AFE77 /* Debug */ = {
			isa = XCBuildConfiguration;
			buildSettings = {
				ASSETCATALOG_COMPILER_APPICON_NAME = AppIcon;
				ASSETCATALOG_COMPILER_GLOBAL_ACCENT_COLOR_NAME = AccentColor;
				CODE_SIGN_STYLE = Automatic;
				CURRENT_PROJECT_VERSION = 1;
				DEVELOPMENT_ASSET_PATHS = "\"Yggdrasil/Preview Content\"";
				DEVELOPMENT_TEAM = 6XP855KK2Y;
				ENABLE_PREVIEWS = YES;
				GENERATE_INFOPLIST_FILE = YES;
				INFOPLIST_KEY_UIApplicationSceneManifest_Generation = YES;
				INFOPLIST_KEY_UIApplicationSupportsIndirectInputEvents = YES;
				INFOPLIST_KEY_UILaunchScreen_Generation = YES;
				INFOPLIST_KEY_UISupportedInterfaceOrientations_iPad = "UIInterfaceOrientationPortrait UIInterfaceOrientationPortraitUpsideDown UIInterfaceOrientationLandscapeLeft UIInterfaceOrientationLandscapeRight";
				INFOPLIST_KEY_UISupportedInterfaceOrientations_iPhone = "UIInterfaceOrientationPortrait UIInterfaceOrientationLandscapeLeft UIInterfaceOrientationLandscapeRight";
				LD_RUNPATH_SEARCH_PATHS = (
					"$(inherited)",
					"@executable_path/Frameworks",
				);
				MARKETING_VERSION = 1.0;
				PRODUCT_BUNDLE_IDENTIFIER = "Crusade-Heresy.Yggdrasil";
				PRODUCT_NAME = "$(TARGET_NAME)";
				SWIFT_EMIT_LOC_STRINGS = YES;
				SWIFT_VERSION = 5.0;
				TARGETED_DEVICE_FAMILY = "1,2";
			};
			name = Debug;
		};
		283832752F5FC295004AFE77 /* Release */ = {
			isa = XCBuildConfiguration;
			buildSettings = {
				ASSETCATALOG_COMPILER_APPICON_NAME = AppIcon;
				ASSETCATALOG_COMPILER_GLOBAL_ACCENT_COLOR_NAME = AccentColor;
				CODE_SIGN_STYLE = Automatic;
				CURRENT_PROJECT_VERSION = 1;
				DEVELOPMENT_ASSET_PATHS = "\"Yggdrasil/Preview Content\"";
				DEVELOPMENT_TEAM = 6XP855KK2Y;
				ENABLE_PREVIEWS = YES;
				GENERATE_INFOPLIST_FILE = YES;
				INFOPLIST_KEY_UIApplicationSceneManifest_Generation = YES;
				INFOPLIST_KEY_UIApplicationSupportsIndirectInputEvents = YES;
				INFOPLIST_KEY_UILaunchScreen_Generation = YES;
				INFOPLIST_KEY_UISupportedInterfaceOrientations_iPad = "UIInterfaceOrientationPortrait UIInterfaceOrientationPortraitUpsideDown UIInterfaceOrientationLandscapeLeft UIInterfaceOrientationLandscapeRight";
				INFOPLIST_KEY_UISupportedInterfaceOrientations_iPhone = "UIInterfaceOrientationPortrait UIInterfaceOrientationLandscapeLeft UIInterfaceOrientationLandscapeRight";
				LD_RUNPATH_SEARCH_PATHS = (
					"$(inherited)",
					"@executable_path/Frameworks",
				);
				MARKETING_VERSION = 1.0;
				PRODUCT_BUNDLE_IDENTIFIER = "Crusade-Heresy.Yggdrasil";
				PRODUCT_NAME = "$(TARGET_NAME)";
				SWIFT_EMIT_LOC_STRINGS = YES;
				SWIFT_VERSION = 5.0;
				TARGETED_DEVICE_FAMILY = "1,2";
			};
			name = Release;
		};
		283832772F5FC295004AFE77 /* Debug */ = {
			isa = XCBuildConfiguration;
			buildSettings = {
				BUNDLE_LOADER = "$(TEST_HOST)";
				CODE_SIGN_STYLE = Automatic;
				CURRENT_PROJECT_VERSION = 1;
				DEVELOPMENT_TEAM = 6XP855KK2Y;
				GENERATE_INFOPLIST_FILE = YES;
				IPHONEOS_DEPLOYMENT_TARGET = 18.0;
				MARKETING_VERSION = 1.0;
				PRODUCT_BUNDLE_IDENTIFIER = "Crusade-Heresy.YggdrasilTests";
				PRODUCT_NAME = "$(TARGET_NAME)";
				SWIFT_EMIT_LOC_STRINGS = NO;
				SWIFT_VERSION = 5.0;
				TARGETED_DEVICE_FAMILY = "1,2";
				TEST_HOST = "$(BUILT_PRODUCTS_DIR)/Yggdrasil.app/$(BUNDLE_EXECUTABLE_FOLDER_PATH)/Yggdrasil";
			};
			name = Debug;
		};
		283832782F5FC295004AFE77 /* Release */ = {
			isa = XCBuildConfiguration;
			buildSettings = {
				BUNDLE_LOADER = "$(TEST_HOST)";
				CODE_SIGN_STYLE = Automatic;
				CURRENT_PROJECT_VERSION = 1;
				DEVELOPMENT_TEAM = 6XP855KK2Y;
				GENERATE_INFOPLIST_FILE = YES;
				IPHONEOS_DEPLOYMENT_TARGET = 18.0;
				MARKETING_VERSION = 1.0;
				PRODUCT_BUNDLE_IDENTIFIER = "Crusade-Heresy.YggdrasilTests";
				PRODUCT_NAME = "$(TARGET_NAME)";
				SWIFT_EMIT_LOC_STRINGS = NO;
				SWIFT_VERSION = 5.0;
				TARGETED_DEVICE_FAMILY = "1,2";
				TEST_HOST = "$(BUILT_PRODUCTS_DIR)/Yggdrasil.app/$(BUNDLE_EXECUTABLE_FOLDER_PATH)/Yggdrasil";
			};
			name = Release;
		};
		2838327A2F5FC295004AFE77 /* Debug */ = {
			isa = XCBuildConfiguration;
			buildSettings = {
				CODE_SIGN_STYLE = Automatic;
				CURRENT_PROJECT_VERSION = 1;
				DEVELOPMENT_TEAM = 6XP855KK2Y;
				GENERATE_INFOPLIST_FILE = YES;
				MARKETING_VERSION = 1.0;
				PRODUCT_BUNDLE_IDENTIFIER = "Crusade-Heresy.YggdrasilUITests";
				PRODUCT_NAME = "$(TARGET_NAME)";
				SWIFT_EMIT_LOC_STRINGS = NO;
				SWIFT_VERSION = 5.0;
				TARGETED_DEVICE_FAMILY = "1,2";
				TEST_TARGET_NAME = Yggdrasil;
			};
			name = Debug;
		};
		2838327B2F5FC295004AFE77 /* Release */ = {
			isa = XCBuildConfiguration;
			buildSettings = {
				CODE_SIGN_STYLE = Automatic;
				CURRENT_PROJECT_VERSION = 1;
				DEVELOPMENT_TEAM = 6XP855KK2Y;
				GENERATE_INFOPLIST_FILE = YES;
				MARKETING_VERSION = 1.0;
				PRODUCT_BUNDLE_IDENTIFIER = "Crusade-Heresy.YggdrasilUITests";
				PRODUCT_NAME = "$(TARGET_NAME)";
				SWIFT_EMIT_LOC_STRINGS = NO;
				SWIFT_VERSION = 5.0;
				TARGETED_DEVICE_FAMILY = "1,2";
				TEST_TARGET_NAME = Yggdrasil;
			};
			name = Release;
		};
/* End XCBuildConfiguration section */

/* Begin XCConfigurationList section */
		2838324A2F5FC28F004AFE77 /* Build configuration list for PBXProject "Yggdrasil" */ = {
			isa = XCConfigurationList;
			buildConfigurations = (
				283832712F5FC295004AFE77 /* Debug */,
				283832722F5FC295004AFE77 /* Release */,
			);
			defaultConfigurationIsVisible = 0;
			defaultConfigurationName = Release;
		};
		283832732F5FC295004AFE77 /* Build configuration list for PBXNativeTarget "Yggdrasil" */ = {
			isa = XCConfigurationList;
			buildConfigurations = (
				283832742F5FC295004AFE77 /* Debug */,
				283832752F5FC295004AFE77 /* Release */,
			);
			defaultConfigurationIsVisible = 0;
			defaultConfigurationName = Release;
		};
		283832762F5FC295004AFE77 /* Build configuration list for PBXNativeTarget "YggdrasilTests" */ = {
			isa = XCConfigurationList;
			buildConfigurations = (
				283832772F5FC295004AFE77 /* Debug */,
				283832782F5FC295004AFE77 /* Release */,
			);
			defaultConfigurationIsVisible = 0;
			defaultConfigurationName = Release;
		};
		283832792F5FC295004AFE77 /* Build configuration list for PBXNativeTarget "YggdrasilUITests" */ = {
			isa = XCConfigurationList;
			buildConfigurations = (
				2838327A2F5FC295004AFE77 /* Debug */,
				2838327B2F5FC295004AFE77 /* Release */,
			);
			defaultConfigurationIsVisible = 0;
			defaultConfigurationName = Release;
		};
/* End XCConfigurationList section */
	};
	rootObject = 283832472F5FC28F004AFE77 /* Project object */;
}
